dependencies:
- name: keycloak
  repository: https://charts.bitnami.com/bitnami
  version: 24.7.4
- name: sense-commons
  repository: https://stackv.github.io/sense-helm/
  version: 1.0.0
digest: sha256:efe457dad7176dd3a58668320923c48ebd7b966e6e2d3061956155602cf7b9c4
generated: "2025-09-19T07:41:11.042859-04:00"
